
Microsoft Visual Studio Solution File, Format Version 12.00
# Visual Studio Version 17
VisualStudioVersion = 17.9.34723.18
MinimumVisualStudioVersion = 10.0.40219.1
Project("{FAE04EC0-301F-11D3-BF4B-00C04F79EFBC}") = "NoSQLFunctionApp", "NoSQLFunctionApp\NoSQLFunctionApp.csproj", "{1395CF76-F1D8-4C96-907A-ECF0A442AB6E}"
EndProject
Global
	GlobalSection(SolutionConfigurationPlatforms) = preSolution
		Debug|Any CPU = Debug|Any CPU
		Release|Any CPU = Release|Any CPU
	EndGlobalSection
	GlobalSection(ProjectConfigurationPlatforms) = postSolution
		{1395CF76-F1D8-4C96-907A-ECF0A442AB6E}.Debug|Any CPU.ActiveCfg = Debug|Any CPU
		{1395CF76-F1D8-4C96-907A-ECF0A442AB6E}.Debug|Any CPU.Build.0 = Debug|Any CPU
		{1395CF76-F1D8-4C96-907A-ECF0A442AB6E}.Release|Any CPU.ActiveCfg = Release|Any CPU
		{1395CF76-F1D8-4C96-907A-ECF0A442AB6E}.Release|Any CPU.Build.0 = Release|Any CPU
	EndGlobalSection
	GlobalSection(SolutionProperties) = preSolution
		HideSolutionNode = FALSE
	EndGlobalSection
	GlobalSection(ExtensibilityGlobals) = postSolution
		SolutionGuid = {1DE273F2-CF28-4D2D-B674-802D81EEEB26}
	EndGlobalSection
EndGlobal
